
Microsoft Visual Studio Solution File, Format Version 12.00
# Visual Studio Version 17
VisualStudioVersion = 17.0.31903.59
MinimumVisualStudioVersion = 10.0.40219.1
Project("{FAE04EC0-301F-11D3-BF4B-00C04F79EFBC}") = "API", "API\API.csproj", "{C7E6A276-A334-4F37-863E-2B9757D5BD13}"
EndProject
Project("{FAE04EC0-301F-11D3-BF4B-00C04F79EFBC}") = "Application", "Application\Application.csproj", "{CE257D45-6D3E-4526-9DA0-CADE9F05065F}"
EndProject
Project("{FAE04EC0-301F-11D3-BF4B-00C04F79EFBC}") = "Domain", "Domain\Domain.csproj", "{F341FD4C-555F-4D36-AFE6-3A38233D67C9}"
EndProject
Project("{FAE04EC0-301F-11D3-BF4B-00C04F79EFBC}") = "Persistence", "Persistence\Persistence.csproj", "{5DAC7072-18F1-472D-AF39-85A37619692F}"
EndProject
Project("{FAE04EC0-301F-11D3-BF4B-00C04F79EFBC}") = "Infrastructure", "Infrastructure\Infrastructure.csproj", "{AD111F69-5463-41BC-AE31-E7B69D70829D}"
EndProject
Global
	GlobalSection(SolutionConfigurationPlatforms) = preSolution
		Debug|Any CPU = Debug|Any CPU
		Release|Any CPU = Release|Any CPU
	EndGlobalSection
	GlobalSection(SolutionProperties) = preSolution
		HideSolutionNode = FALSE
	EndGlobalSection
	GlobalSection(ProjectConfigurationPlatforms) = postSolution
		{C7E6A276-A334-4F37-863E-2B9757D5BD13}.Debug|Any CPU.ActiveCfg = Debug|Any CPU
		{C7E6A276-A334-4F37-863E-2B9757D5BD13}.Debug|Any CPU.Build.0 = Debug|Any CPU
		{C7E6A276-A334-4F37-863E-2B9757D5BD13}.Release|Any CPU.ActiveCfg = Release|Any CPU
		{C7E6A276-A334-4F37-863E-2B9757D5BD13}.Release|Any CPU.Build.0 = Release|Any CPU
		{CE257D45-6D3E-4526-9DA0-CADE9F05065F}.Debug|Any CPU.ActiveCfg = Debug|Any CPU
		{CE257D45-6D3E-4526-9DA0-CADE9F05065F}.Debug|Any CPU.Build.0 = Debug|Any CPU
		{CE257D45-6D3E-4526-9DA0-CADE9F05065F}.Release|Any CPU.ActiveCfg = Release|Any CPU
		{CE257D45-6D3E-4526-9DA0-CADE9F05065F}.Release|Any CPU.Build.0 = Release|Any CPU
		{F341FD4C-555F-4D36-AFE6-3A38233D67C9}.Debug|Any CPU.ActiveCfg = Debug|Any CPU
		{F341FD4C-555F-4D36-AFE6-3A38233D67C9}.Debug|Any CPU.Build.0 = Debug|Any CPU
		{F341FD4C-555F-4D36-AFE6-3A38233D67C9}.Release|Any CPU.ActiveCfg = Release|Any CPU
		{F341FD4C-555F-4D36-AFE6-3A38233D67C9}.Release|Any CPU.Build.0 = Release|Any CPU
		{5DAC7072-18F1-472D-AF39-85A37619692F}.Debug|Any CPU.ActiveCfg = Debug|Any CPU
		{5DAC7072-18F1-472D-AF39-85A37619692F}.Debug|Any CPU.Build.0 = Debug|Any CPU
		{5DAC7072-18F1-472D-AF39-85A37619692F}.Release|Any CPU.ActiveCfg = Release|Any CPU
		{5DAC7072-18F1-472D-AF39-85A37619692F}.Release|Any CPU.Build.0 = Release|Any CPU
		{AD111F69-5463-41BC-AE31-E7B69D70829D}.Debug|Any CPU.ActiveCfg = Debug|Any CPU
		{AD111F69-5463-41BC-AE31-E7B69D70829D}.Debug|Any CPU.Build.0 = Debug|Any CPU
		{AD111F69-5463-41BC-AE31-E7B69D70829D}.Release|Any CPU.ActiveCfg = Release|Any CPU
		{AD111F69-5463-41BC-AE31-E7B69D70829D}.Release|Any CPU.Build.0 = Release|Any CPU
	EndGlobalSection
EndGlobal
